
Microsoft Visual Studio Solution File, Format Version 12.00
# Visual Studio Version 16
VisualStudioVersion = 16.0.32106.194
MinimumVisualStudioVersion = 10.0.40219.1
Project("{8BC9CEB8-8B4A-11D0-8D11-00A0C91BC942}") = "CS580HW6", "CS580HW6.vcxproj", "{F3ED20D0-7ADC-4244-AD3E-7DF9439043AC}"
EndProject
Global
	GlobalSection(SolutionConfigurationPlatforms) = preSolution
		Debug|x86 = Debug|x86
		Release|x86 = Release|x86
	EndGlobalSection
	GlobalSection(ProjectConfigurationPlatforms) = postSolution
		{F3ED20D0-7ADC-4244-AD3E-7DF9439043AC}.Debug|x86.ActiveCfg = Debug|Win32
		{F3ED20D0-7ADC-4244-AD3E-7DF9439043AC}.Debug|x86.Build.0 = Debug|Win32
		{F3ED20D0-7ADC-4244-AD3E-7DF9439043AC}.Release|x86.ActiveCfg = Release|Win32
		{F3ED20D0-7ADC-4244-AD3E-7DF9439043AC}.Release|x86.Build.0 = Release|Win32
	EndGlobalSection
	GlobalSection(SolutionProperties) = preSolution
		HideSolutionNode = FALSE
	EndGlobalSection
	GlobalSection(ExtensibilityGlobals) = postSolution
		SolutionGuid = {3EEA48FD-EF74-44DF-B8B1-E17C0A67F710}
	EndGlobalSection
EndGlobal
