
Microsoft Visual Studio Solution File, Format Version 12.00
# Visual Studio Version 16
VisualStudioVersion = 16.0.32106.194
MinimumVisualStudioVersion = 10.0.40219.1
Project("{8BC9CEB8-8B4A-11D0-8D11-00A0C91BC942}") = "CS580HW4", "CS580HW4.vcxproj", "{35CC977A-56E6-49B2-8FF8-0DC7425821A1}"
EndProject
Global
	GlobalSection(SolutionConfigurationPlatforms) = preSolution
		Debug|x86 = Debug|x86
		Release|x86 = Release|x86
	EndGlobalSection
	GlobalSection(ProjectConfigurationPlatforms) = postSolution
		{35CC977A-56E6-49B2-8FF8-0DC7425821A1}.Debug|x86.ActiveCfg = Debug|Win32
		{35CC977A-56E6-49B2-8FF8-0DC7425821A1}.Debug|x86.Build.0 = Debug|Win32
		{35CC977A-56E6-49B2-8FF8-0DC7425821A1}.Release|x86.ActiveCfg = Release|Win32
		{35CC977A-56E6-49B2-8FF8-0DC7425821A1}.Release|x86.Build.0 = Release|Win32
	EndGlobalSection
	GlobalSection(SolutionProperties) = preSolution
		HideSolutionNode = FALSE
	EndGlobalSection
	GlobalSection(ExtensibilityGlobals) = postSolution
		SolutionGuid = {1B24D316-F335-49EF-8982-434254645754}
	EndGlobalSection
EndGlobal
