<?xml version="1.0" encoding="utf-8"?>
<Project ToolsVersion="4.0" xmlns="http://schemas.microsoft.com/developer/msbuild/2003">
  <ItemGroup>
    <Filter Include="Source Files">
      <UniqueIdentifier>{3f0f68e1-cf5b-45cf-a21b-dc85a8f85d99}</UniqueIdentifier>
      <Extensions>cpp;c;cxx;rc;def;r;odl;idl;hpj;bat</Extensions>
    </Filter>
    <Filter Include="Header Files">
      <UniqueIdentifier>{9ec74b6e-ba4e-4a19-8f56-ec72b5276357}</UniqueIdentifier>
      <Extensions>h;hpp;hxx;hm;inl</Extensions>
    </Filter>
    <Filter Include="Resource Files">
      <UniqueIdentifier>{0db3efd8-afcb-4513-8a25-8445206fce25}</UniqueIdentifier>
      <Extensions>ico;cur;bmp;dlg;rc2;rct;bin;rgs;gif;jpg;jpeg;jpe</Extensions>
    </Filter>
  </ItemGroup>
  <ItemGroup>
    <ClCompile Include="Application.cpp">
      <Filter>Source Files</Filter>
    </ClCompile>
    <ClCompile Include="Application1.cpp">
      <Filter>Source Files</Filter>
    </ClCompile>
    <ClCompile Include="CS580HW.cpp">
      <Filter>Source Files</Filter>
    </ClCompile>
    <ClCompile Include="CS580HWDoc.cpp">
      <Filter>Source Files</Filter>
    </ClCompile>
    <ClCompile Include="CS580HWView.cpp">
      <Filter>Source Files</Filter>
    </ClCompile>
    <ClCompile Include="rend.cpp">
      <Filter>Source Files</Filter>
    </ClCompile>
    <ClCompile Include="MainFrm.cpp">
      <Filter>Source Files</Filter>
    </ClCompile>
    <ClCompile Include="StdAfx.cpp">
      <Filter>Source Files</Filter>
    </ClCompile>
  </ItemGroup>
  <ItemGroup>
    <ResourceCompile Include="CS580HW.rc">
      <Filter>Source Files</Filter>
    </ResourceCompile>
  </ItemGroup>
  <ItemGroup>
    <ClInclude Include="Application.h">
      <Filter>Header Files</Filter>
    </ClInclude>
    <ClInclude Include="Application1.h">
      <Filter>Header Files</Filter>
    </ClInclude>
    <ClInclude Include="CS580HW.h">
      <Filter>Header Files</Filter>
    </ClInclude>
    <ClInclude Include="CS580HWDoc.h">
      <Filter>Header Files</Filter>
    </ClInclude>
    <ClInclude Include="CS580HWView.h">
      <Filter>Header Files</Filter>
    </ClInclude>
    <ClInclude Include="rend.h">
      <Filter>Header Files</Filter>
    </ClInclude>
    <ClInclude Include="gz.h">
      <Filter>Header Files</Filter>
    </ClInclude>
    <ClInclude Include="MainFrm.h">
      <Filter>Header Files</Filter>
    </ClInclude>
    <ClInclude Include="Resource.h">
      <Filter>Header Files</Filter>
    </ClInclude>
    <ClInclude Include="StdAfx.h">
      <Filter>Header Files</Filter>
    </ClInclude>
  </ItemGroup>
  <ItemGroup>
    <Image Include="res\CS580HW.ico">
      <Filter>Resource Files</Filter>
    </Image>
    <Image Include="res\CS580HWDoc.ico">
      <Filter>Resource Files</Filter>
    </Image>
    <Image Include="res\Toolbar.bmp">
      <Filter>Resource Files</Filter>
    </Image>
  </ItemGroup>
  <ItemGroup>
    <CustomBuild Include="res\CS580HW.rc2">
      <Filter>Resource Files</Filter>
    </CustomBuild>
  </ItemGroup>
</Project>